
Microsoft Visual Studio Solution File, Format Version 12.00
# Visual Studio Version 16
VisualStudioVersion = 16.0.32901.82
MinimumVisualStudioVersion = 10.0.40219.1
Project("{888888A0-9F3D-457C-B088-3A5042F75D52}") = "RandomWikipediaArticle", "RandomWikipediaArticle\RandomWikipediaArticle.pyproj", "{5642D7EA-9E39-4F5F-9621-25D327B3F079}"
EndProject
Global
	GlobalSection(SolutionConfigurationPlatforms) = preSolution
		Debug|Any CPU = Debug|Any CPU
		Release|Any CPU = Release|Any CPU
	EndGlobalSection
	GlobalSection(ProjectConfigurationPlatforms) = postSolution
		{5642D7EA-9E39-4F5F-9621-25D327B3F079}.Debug|Any CPU.ActiveCfg = Debug|Any CPU
		{5642D7EA-9E39-4F5F-9621-25D327B3F079}.Release|Any CPU.ActiveCfg = Release|Any CPU
	EndGlobalSection
	GlobalSection(SolutionProperties) = preSolution
		HideSolutionNode = FALSE
	EndGlobalSection
	GlobalSection(ExtensibilityGlobals) = postSolution
		SolutionGuid = {6ED4790C-F882-43BD-8985-AEFC177BAC4F}
	EndGlobalSection
EndGlobal
